{
    "_meta": {
        "hash": {
            "sha256": "d7cb1c9542826e58cb292fdad7b70f6836cdda6abc5b689b795a3f4b42b723b7"
        },
        "pipfile-spec": 6,
        "requires": {
            "python_version": "3.13"
        },
        "sources": [
            {
                "name": "pypi",
                "url": "https://pypi.org/simple",
                "verify_ssl": true
            }
        ]
    },
    "default": {
        "cap1xxx": {
            "hashes": [
                "sha256:31a326ebc26e670167c8ad25dfca3376e0a53ebfce94b06edd2594afec50ea9e",
                "sha256:ddebfc784ffb42a5b2c173e1a6e814fe011da76db92047d328df153644287969"
            ],
            "version": "==0.1.4"
        },
        "gfxhat": {
            "hashes": [
                "sha256:5af23531db878d1d34a1b1c4aca291ac3fd97cee463b1fa764add69c3b3a54be",
                "sha256:60aa0f576ffc54277eda772b914b2047e062210337a3b1299e1ae829b200af48",
                "sha256:973aefcdafa903c8bcbeb53a0771718e735e6a497eb9d6c2bb15d712c8885a18"
            ],
            "index": "pypi",
            "version": "==0.0.1"
        },
        "pi-pianoteq": {
            "editable": true,
            "file": "."
        },
        "pillow": {
            "hashes": [
                "sha256:023f6d2d11784a465f09fd09a34b150ea4672e85fb3d05931d89f373ab14abb2",
                "sha256:02a723e6bf909e7cea0dac1b0e0310be9d7650cd66222a5f1c571455c0a45214",
                "sha256:040a5b691b0713e1f6cbe222e0f4f74cd233421e105850ae3b3c0ceda520f42e",
                "sha256:05f6ecbeff5005399bb48d198f098a9b4b6bdf27b8487c7f38ca16eeb070cd59",
                "sha256:068d9c39a2d1b358eb9f245ce7ab1b5c3246c7c8c7d9ba58cfa5b43146c06e50",
                "sha256:0743841cabd3dba6a83f38a92672cccbd69af56e3e91777b0ee7f4dba4385632",
                "sha256:092c80c76635f5ecb10f3f83d76716165c96f5229addbd1ec2bdbbda7d496e06",
                "sha256:0b275ff9b04df7b640c59ec5a3cb113eefd3795a8df80bac69646ef699c6981a",
                "sha256:0bce5c4fd0921f99d2e858dc4d4d64193407e1b99478bc5cacecba2311abde51",
                "sha256:1019b04af07fc0163e2810167918cb5add8d74674b6267616021ab558dc98ced",
                "sha256:106064daa23a745510dabce1d84f29137a37224831d88eb4ce94bb187b1d7e5f",
                "sha256:118ca10c0d60b06d006be10a501fd6bbdfef559251ed31b794668ed569c87e12",
                "sha256:13f87d581e71d9189ab21fe0efb5a23e9f28552d5be6979e84001d3b8505abe8",
                "sha256:155658efb5e044669c08896c0c44231c5e9abcaadbc5cd3648df2f7c0b96b9a6",
                "sha256:1904e1264881f682f02b7f8167935cce37bc97db457f8e7849dc3a6a52b99580",
                "sha256:19d2ff547c75b8e3ff46f4d9ef969a06c30ab2d4263a9e287733aa8b2429ce8f",
                "sha256:1a992e86b0dd7aeb1f053cd506508c0999d710a8f07b4c791c63843fc6a807ac",
                "sha256:1b9c17fd4ace828b3003dfd1e30bff24863e0eb59b535e8f80194d9cc7ecf860",
                "sha256:1c627742b539bba4309df89171356fcb3cc5a9178355b2727d1b74a6cf155fbd",
                "sha256:1cd110edf822773368b396281a2293aeb91c90a2db00d78ea43e7e861631b722",
                "sha256:1f85acb69adf2aaee8b7da124efebbdb959a104db34d3a2cb0f3793dbae422a8",
                "sha256:23cff760a9049c502721bdb743a7cb3e03365fafcdfc2ef9784610714166e5a4",
                "sha256:2465a69cf967b8b49ee1b96d76718cd98c4e925414ead59fdf75cf0fd07df673",
                "sha256:2a3117c06b8fb646639dce83694f2f9eac405472713fcb1ae887469c0d4f6788",
                "sha256:2aceea54f957dd4448264f9bf40875da0415c83eb85f55069d89c0ed436e3542",
                "sha256:2d6fcc902a24ac74495df63faad1884282239265c6839a0a6416d33faedfae7e",
                "sha256:30807c931ff7c095620fe04448e2c2fc673fcbb1ffe2a7da3fb39613489b1ddd",
                "sha256:30b7c02f3899d10f13d7a48163c8969e4e653f8b43416d23d13d1bbfdc93b9f8",
                "sha256:3828ee7586cd0b2091b6209e5ad53e20d0649bbe87164a459d0676e035e8f523",
                "sha256:3cee80663f29e3843b68199b9d6f4f54bd1d4a6b59bdd91bceefc51238bcb967",
                "sha256:3e184b2f26ff146363dd07bde8b711833d7b0202e27d13540bfe2e35a323a809",
                "sha256:41342b64afeba938edb034d122b2dda5db2139b9a4af999729ba8818e0056477",
                "sha256:41742638139424703b4d01665b807c6468e23e699e8e90cffefe291c5832b027",
                "sha256:4445fa62e15936a028672fd48c4c11a66d641d2c05726c7ec1f8ba6a572036ae",
                "sha256:45dfc51ac5975b938e9809451c51734124e73b04d0f0ac621649821a63852e7b",
                "sha256:465b9e8844e3c3519a983d58b80be3f668e2a7a5db97f2784e7079fbc9f9822c",
                "sha256:48d254f8a4c776de343051023eb61ffe818299eeac478da55227d96e241de53f",
                "sha256:4c834a3921375c48ee6b9624061076bc0a32a60b5532b322cc0ea64e639dd50e",
                "sha256:4c96f993ab8c98460cd0c001447bff6194403e8b1d7e149ade5f00594918128b",
                "sha256:504b6f59505f08ae014f724b6207ff6222662aab5cc9542577fb084ed0676ac7",
                "sha256:527b37216b6ac3a12d7838dc3bd75208ec57c1c6d11ef01902266a5a0c14fc27",
                "sha256:5418b53c0d59b3824d05e029669efa023bbef0f3e92e75ec8428f3799487f361",
                "sha256:59a03cdf019efbfeeed910bf79c7c93255c3d54bc45898ac2a4140071b02b4ae",
                "sha256:5e05688ccef30ea69b9317a9ead994b93975104a677a36a8ed8106be9260aa6d",
                "sha256:6359a3bc43f57d5b375d1ad54a0074318a0844d11b76abccf478c37c986d3cfc",
                "sha256:643f189248837533073c405ec2f0bb250ba54598cf80e8c1e043381a60632f58",
                "sha256:65dc69160114cdd0ca0f35cb434633c75e8e7fad4cf855177a05bf38678f73ad",
                "sha256:67172f2944ebba3d4a7b54f2e95c786a3a50c21b88456329314caaa28cda70f6",
                "sha256:676b2815362456b5b3216b4fd5bd89d362100dc6f4945154ff172e206a22c024",
                "sha256:6a418691000f2a418c9135a7cf0d797c1bb7d9a485e61fe8e7722845b95ef978",
                "sha256:6abdbfd3aea42be05702a8dd98832329c167ee84400a1d1f61ab11437f1717eb",
                "sha256:6be31e3fc9a621e071bc17bb7de63b85cbe0bfae91bb0363c893cbe67247780d",
                "sha256:7107195ddc914f656c7fc8e4a5e1c25f32e9236ea3ea860f257b0436011fddd0",
                "sha256:71f511f6b3b91dd543282477be45a033e4845a40278fa8dcdbfdb07109bf18f9",
                "sha256:7859a4cc7c9295f5838015d8cc0a9c215b77e43d07a25e460f35cf516df8626f",
                "sha256:7966e38dcd0fa11ca390aed7c6f20454443581d758242023cf36fcb319b1a874",
                "sha256:79ea0d14d3ebad43ec77ad5272e6ff9bba5b679ef73375ea760261207fa8e0aa",
                "sha256:7aee118e30a4cf54fdd873bd3a29de51e29105ab11f9aad8c32123f58c8f8081",
                "sha256:7b161756381f0918e05e7cb8a371fff367e807770f8fe92ecb20d905d0e1c149",
                "sha256:7c8ec7a017ad1bd562f93dbd8505763e688d388cde6e4a010ae1486916e713e6",
                "sha256:7d1aa4de119a0ecac0a34a9c8bde33f34022e2e8f99104e47a3ca392fd60e37d",
                "sha256:7db51d222548ccfd274e4572fdbf3e810a5e66b00608862f947b163e613b67dd",
                "sha256:819931d25e57b513242859ce1876c58c59dc31587847bf74cfe06b2e0cb22d2f",
                "sha256:83e1b0161c9d148125083a35c1c5a89db5b7054834fd4387499e06552035236c",
                "sha256:857844335c95bea93fb39e0fa2726b4d9d758850b34075a7e3ff4f4fa3aa3b31",
                "sha256:8797edc41f3e8536ae4b10897ee2f637235c94f27404cac7297f7b607dd0716e",
                "sha256:8924748b688aa210d79883357d102cd64690e56b923a186f35a82cbc10f997db",
                "sha256:89bd777bc6624fe4115e9fac3352c79ed60f3bb18651420635f26e643e3dd1f6",
                "sha256:8dc70ca24c110503e16918a658b869019126ecfe03109b754c402daff12b3d9f",
                "sha256:91da1d88226663594e3f6b4b8c3c8d85bd504117d043740a8e0ec449087cc494",
                "sha256:921bd305b10e82b4d1f5e802b6850677f965d8394203d182f078873851dada69",
                "sha256:932c754c2d51ad2b2271fd01c3d121daaa35e27efae2a616f77bf164bc0b3e94",
                "sha256:93efb0b4de7e340d99057415c749175e24c8864302369e05914682ba642e5d77",
                "sha256:97afb3a00b65cc0804d1c7abddbf090a81eaac02768af58cbdcaaa0a931e0b6d",
                "sha256:97f07ed9f56a3b9b5f49d3661dc9607484e85c67e27f3e8be2c7d28ca032fec7",
                "sha256:98a9afa7b9007c67ed84c57c9e0ad86a6000da96eaa638e4f8abe5b65ff83f0a",
                "sha256:9ab6ae226de48019caa8074894544af5b53a117ccb9d3b3dcb2871464c829438",
                "sha256:9c412fddd1b77a75aa904615ebaa6001f169b26fd467b4be93aded278266b288",
                "sha256:a1bc6ba083b145187f648b667e05a2534ecc4b9f2784c2cbe3089e44868f2b9b",
                "sha256:a418486160228f64dd9e9efcd132679b7a02a5f22c982c78b6fc7dab3fefb635",
                "sha256:a4d336baed65d50d37b88ca5b60c0fa9d81e3a87d4a7930d3880d1624d5b31f3",
                "sha256:a6444696fce635783440b7f7a9fc24b3ad10a9ea3f0ab66c5905be1c19ccf17d",
                "sha256:a7bc6e6fd0395bc052f16b1a8670859964dbd7003bd0af2ff08342eb6e442cfe",
                "sha256:b4b8f3efc8d530a1544e5962bd6b403d5f7fe8b9e08227c6b255f98ad82b4ba0",
                "sha256:b5f56c3f344f2ccaf0dd875d3e180f631dc60a51b314295a3e681fe8cf851fbe",
                "sha256:be5463ac478b623b9dd3937afd7fb7ab3d79dd290a28e2b6df292dc75063eb8a",
                "sha256:c37d8ba9411d6003bba9e518db0db0c58a680ab9fe5179f040b0463644bc9805",
                "sha256:c84d689db21a1c397d001aa08241044aa2069e7587b398c8cc63020390b1c1b8",
                "sha256:c96d333dcf42d01f47b37e0979b6bd73ec91eae18614864622d9b87bbd5bbf36",
                "sha256:cadc9e0ea0a2431124cde7e1697106471fc4c1da01530e679b2391c37d3fbb3a",
                "sha256:cc3e831b563b3114baac7ec2ee86819eb03caa1a2cef0b481a5675b59c4fe23b",
                "sha256:cd8ff254faf15591e724dc7c4ddb6bf4793efcbe13802a4ae3e863cd300b493e",
                "sha256:d000f46e2917c705e9fb93a3606ee4a819d1e3aa7a9b442f6444f07e77cf5e25",
                "sha256:d9da3df5f9ea2a89b81bb6087177fb1f4d1c7146d583a3fe5c672c0d94e55e12",
                "sha256:e5c5858ad8ec655450a7c7df532e9842cf8df7cc349df7225c60d5d348c8aada",
                "sha256:e67d793d180c9df62f1f40aee3accca4829d3794c95098887edc18af4b8b780c",
                "sha256:ea944117a7974ae78059fcc1800e5d3295172bb97035c0c1d9345fca1419da71",
                "sha256:eb76541cba2f958032d79d143b98a3a6b3ea87f0959bbe256c0b5e416599fd5d",
                "sha256:ec1ee50470b0d050984394423d96325b744d55c701a439d2bd66089bff963d3c",
                "sha256:ee92f2fd10f4adc4b43d07ec5e779932b4eb3dbfbc34790ada5a6669bc095aa6",
                "sha256:f0f5d8f4a08090c6d6d578351a2b91acf519a54986c055af27e7a93feae6d3f1",
                "sha256:f1f182ebd2303acf8c380a54f615ec883322593320a9b00438eb842c1f37ae50",
                "sha256:f8a5827f84d973d8636e9dc5764af4f0cf2318d26744b3d902931701b0d46653",
                "sha256:f944255db153ebb2b19c51fe85dd99ef0ce494123f21b9db4877ffdfc5590c7c",
                "sha256:fdae223722da47b024b867c1ea0be64e0df702c5e0a60e27daad39bf960dd1e4",
                "sha256:fe27fb049cdcca11f11a7bfda64043c37b30e6b91f10cb5bab275806c32f6ab3"
            ],
            "index": "pypi",
            "markers": "python_version >= '3.9'",
            "version": "==11.3.0"
        },
        "prompt-toolkit": {
            "hashes": [
                "sha256:28cde192929c8e7321de85de1ddbe736f1375148b02f2e17edd840042b1be855",
                "sha256:9aac639a3bbd33284347de5ad8d68ecc044b91a762dc39b7c21095fcd6a19955"
            ],
            "index": "pypi",
            "markers": "python_version >= '3.8'",
            "version": "==3.0.52"
        },
        "python-rtmidi": {
            "hashes": [
                "sha256:052c89933cae4fca354012d8ca7248f4f9e1e3f062471409d48415a7f7d7e59e",
                "sha256:1d5da765184150fb946043d59be4039b36a8060ede025f109ef20492dbf99075",
                "sha256:25f5a5db7be98911c41ca5bebb262fcf9a7c89600b88fd3c207ceafd3101e721",
                "sha256:26149186367341bf5b0a3ac17b495f6a25950bd3da6b4f13d25ac0a9ce8208dd",
                "sha256:271d625c489fffb39b3edc5aba67f7c8e29a04a0a0f056ce19e5a888a08b4c59",
                "sha256:29661939f9b7bd1a4e29835f50f4790e741dacd21a5cb143297aefb51deefdec",
                "sha256:29d9c9d9f82ce679fecad7bb4cb79f3a24574ea84600e377194b4cc1baacec0e",
                "sha256:30d117193dcad8af67c600c405f53eb096e4ff84849760be14c97270af334922",
                "sha256:46bbf32c8a4bf6c8f0df1c02a68689d0757f13cb7a69f27ccbbed3d7b2365918",
                "sha256:4e234dca7f9d783dd3f1e9c9c5c2f295f02b7af3085301d6eed3b428cf49d327",
                "sha256:5443634597eb340cdec0734f76267a827c2d366f00a6f9195141c78828016ac2",
                "sha256:5966172ed28add6ff2b76d389702931bfc7ff3cc741c0e4b0d1aaae269ab7a8e",
                "sha256:7bce7f17c71a71d8ef0bfeae3cb8a7652dd02f0d5067de882e1ee44eb38518db",
                "sha256:7f9ade68b068ae09000ecb562ae9521da3a234361ad5449e83fc734544d004fa",
                "sha256:82e61bc1b51aa91d9e615827056e80f78dbe364248eecd61698b233f7af903f6",
                "sha256:844bd12840c9d4e03dfc89b2cd57c55dcbf5ed7246504d69c6c661732249b19c",
                "sha256:878ce085dfb65c0974810a7e919f73708cbb4c0430c7924b78f25aea1dd4ebee",
                "sha256:8bbaf7c7164471712a93ac60c8f9ed146b336a294a5103223bbaf8f10709a0bf",
                "sha256:a5582983ad57ea7f0a7797ddc3e258efb00f8326113b6ddfa85b5165a4151806",
                "sha256:a706e9850e22acc57fa840c60fdc4541baafe462a05ff7631a6d9eb91c65e171",
                "sha256:c60dd180e5130fb87571e71aea30e2ef0512131aab45865a7d67063ed8e52ca4",
                "sha256:cec30924e305f55284594ccf35a71dee7216fd308dfa2dec1b3ed03e6f243803",
                "sha256:cfea32c91752fa7aecfe3d6827535c190ba0e646a9accd6604f4fc70cf4b780f",
                "sha256:dd2bcbea822488fca6b8d9fc7e78a91da12914f3b88dc086f051cb65a643449f",
                "sha256:efc07413b30b0039c0d35abe25a81d740c7405124eb58eed141a8f24388e6fe0",
                "sha256:f2138005c6bd3d8b9af05df383679f6d0827d16056e68a941110732310dcb7dd"
            ],
            "index": "pypi",
            "markers": "python_version >= '3.8'",
            "version": "==1.5.8"
        },
        "rpi.gpio": {
            "hashes": [
                "sha256:15311d3b063b71dee738cd26570effc9985a952454d162937c34e08c0fc99902",
                "sha256:26b2ade4bb353bbe5417a64e40b45cdf00a82f27c2d320c0dd46c59751959d77",
                "sha256:29226823da8b5ccb9001d795a944f2e00924eeae583490f0bc7317581172c624",
                "sha256:57b6c044ef5375a78c8dda27cdfadf329e76aa6943cd6cffbbbd345a9adf9ca5",
                "sha256:77afb817b81331ce3049a4b8f94a85e41b7c404d8e56b61ac0f1eb75c3120868",
                "sha256:96ea7e5bf6bf592828487bfa7d3d1d0e432d5d1682e9e33b4dab398914628fcd",
                "sha256:b86b66dc02faa5461b443a1e1f0c1d209d64ab5229696f32fb3b0215e0600c8c",
                "sha256:cd61c4b03c37b62bba4a5acfea9862749c33c618e0295e7e90aa4713fb373b70"
            ],
            "version": "==0.7.1"
        },
        "smbus2": {
            "hashes": [
                "sha256:1a15c3b9fa69357beb038cc0b5d37939702f8bfde1ddc89ca9f17d8461dbe949",
                "sha256:4a5946fd82277870c2878befdb1a29bb28d15cda14ea4d8d2d54cf3d4bdcb035"
            ],
            "version": "==0.5.0"
        },
        "sn3218": {
            "hashes": [
                "sha256:1796e534efc395657600f42f4222d14d7f13b98be19ee506316e49ef664e2946",
                "sha256:5b5f0ee1c24bf22a3fe3d09de5b9b0620732b6e68f7acf30a7bd1381e45b28d2"
            ],
            "markers": "python_version >= '3.7'",
            "version": "==3.0.0"
        },
        "wcwidth": {
            "hashes": [
                "sha256:4d478375d31bc5395a3c55c40ccdf3354688364cd61c4f6adacaa9215d0b3605",
                "sha256:a7bb560c8aee30f9957e5f9895805edd20602f2d7f720186dfd906e82b4982e1"
            ],
            "markers": "python_version >= '3.6'",
            "version": "==0.2.14"
        }
    },
    "develop": {
        "build": {
            "hashes": [
                "sha256:698edd0ea270bde950f53aed21f3a0135672206f3911e0176261a31e0e07b397",
                "sha256:7145f0b5061ba90a1500d60bd1b13ca0a8a4cebdd0cc16ed8adf1c0e739f43b4"
            ],
            "index": "pypi",
            "markers": "python_version >= '3.9'",
            "version": "==1.3.0"
        },
        "coverage": {
            "extras": [
                "toml"
            ],
            "hashes": [
                "sha256:004cdcea3457c0ea3233622cd3464c1e32ebba9b41578421097402bee6461b63",
                "sha256:0542ddf6107adbd2592f29da9f59f5d9cff7947b5bb4f734805085c327dcffaa",
                "sha256:05fd3fb6edff0c98874d752013588836f458261e5eba587afe4c547bba544afd",
                "sha256:074e6a5cd38e06671580b4d872c1a67955d4e69639e4b04e87fc03b494c1f060",
                "sha256:07bc7745c945a6d95676953e86ba7cebb9f11de7773951c387f4c07dc76d03f5",
                "sha256:08c0bcf932e47795c49f0406054824b9d45671362dfc4269e0bc6e4bff010704",
                "sha256:097acc18bedf2c6e3144eaf09b5f6034926c3c9bb9e10574ffd0942717232507",
                "sha256:0c986537abca9b064510f3fd104ba33e98d3036608c7f2f5537f869bc10e1ee5",
                "sha256:0dba4da36730e384669e05b765a2c49f39514dd3012fcc0398dd66fba8d746d5",
                "sha256:0e920567f8c3a3ce68ae5a42cf7c2dc4bb6cc389f18bff2235dd8c03fa405de5",
                "sha256:0f59387f5e6edbbffec2281affb71cdc85e0776c1745150a3ab9b6c1d016106b",
                "sha256:12d821de7408292530b0d241468b698bce18dd12ecaf45316149f53877885f8c",
                "sha256:13b2066303a1c1833c654d2af0455bb009b6e1727b3883c9964bc5c2f643c1d0",
                "sha256:1410bac9e98afd9623f53876fae7d8a5db9f5a0ac1c9e7c5188463cb4b3212e2",
                "sha256:1451464fd855d9bd000c19b71bb7dafea9ab815741fb0bd9e813d9b671462d6f",
                "sha256:149eccc85d48c8f06547534068c41d69a1a35322deaa4d69ba1561e2e9127e75",
                "sha256:1e33d0bebf895c7a0905fcfaff2b07ab900885fc78bba2a12291a2cfbab014cc",
                "sha256:200bb89fd2a8a07780eafcdff6463104dec459f3c838d980455cfa84f5e5e6e1",
                "sha256:2376e8a9c889016f25472c452389e98bc6e54a19570b107e27cde9d47f387b64",
                "sha256:28c5251b3ab1d23e66f1130ca0c419747edfbcb4690de19467cd616861507af7",
                "sha256:2ec27a7a991d229213c8070d31e3ecf44d005d96a9edc30c78eaeafaa421c001",
                "sha256:305716afb19133762e8cf62745c46c4853ad6f9eeba54a593e373289e24ea237",
                "sha256:31663572f20bf3406d7ac00d6981c7bbbcec302539d26b5ac596ca499664de31",
                "sha256:3224c7baf34e923ffc78cb45e793925539d640d42c96646db62dbd61bbcfa131",
                "sha256:351511ae28e2509c8d8cae5311577ea7dd511ab8e746ffc8814a0896c3d33fbe",
                "sha256:385977d94fc155f8731c895accdfcc3dd0d9dd9ef90d102969df95d3c637ab80",
                "sha256:39764c6167c82d68a2d8c97c33dba45ec0ad9172570860e12191416f4f8e6e1b",
                "sha256:3e33a968672be1394eded257ec10d4acbb9af2ae263ba05a99ff901bb863557e",
                "sha256:4234914b8c67238a3c4af2bba648dc716aa029ca44d01f3d51536d44ac16854f",
                "sha256:426559f105f644b69290ea414e154a0d320c3ad8a2bb75e62884731f69cf8e2c",
                "sha256:465695268414e149bab754c54b0c45c8ceda73dd4a5c3ba255500da13984b16d",
                "sha256:4bec8c7160688bd5a34e65c82984b25409563134d63285d8943d0599efbc448e",
                "sha256:4c5627429f7fbff4f4131cfdd6abd530734ef7761116811a707b88b7e205afd7",
                "sha256:4ca5f876bf41b24378ee67c41d688155f0e54cdc720de8ef9ad6544005899240",
                "sha256:4d4ca49f5ba432b0755ebb0fc3a56be944a19a16bb33802264bbc7311622c0d1",
                "sha256:4ebcddfcdfb4c614233cff6e9a3967a09484114a8b2e4f2c7a62dc83676ba13f",
                "sha256:4f2bb4ee8dd40f9b2a80bb4adb2aecece9480ba1fa60d9382e8c8e0bd558e2eb",
                "sha256:56f909a40d68947ef726ce6a34eb38f0ed241ffbe55c5007c64e616663bcbafc",
                "sha256:5b771b59ac0dfb7f139f70c85b42717ef400a6790abb6475ebac1ecee8de782f",
                "sha256:603c4414125fc9ae9000f17912dcfd3d3eb677d4e360b85206539240c96ea76e",
                "sha256:60ca149a446da255d56c2a7a813b51a80d9497a62250532598d249b3cdb1a926",
                "sha256:68c4eb92997dbaaf839ea13527be463178ac0ddd37a7ac636b8bc11a51af2428",
                "sha256:6bb599052a974bb6cedfa114f9778fedfad66854107cf81397ec87cb9b8fbcf2",
                "sha256:6f033dec603eea88204589175782290a038b436105a8f3637a81c4359df27832",
                "sha256:72c8b494bd20ae1c58528b97c4a67d5cfeafcb3845c73542875ecd43924296de",
                "sha256:77ffb3b7704eb7b9b3298a01fe4509cef70117a52d50bcba29cffc5f53dd326a",
                "sha256:84b892e968164b7a0498ddc5746cdf4e985700b902128421bb5cec1080a6ee36",
                "sha256:86d27d2dd7c7c5a44710565933c7dc9cd70e65ef97142e260d16d555667deef7",
                "sha256:876a3ee7fd2613eb79602e4cdb39deb6b28c186e76124c3f29e580099ec21a87",
                "sha256:8bba7e4743e37484ae17d5c3b8eb1ce78b564cb91b7ace2e2182b25f0f764cb5",
                "sha256:8d16bbe566e16a71d123cd66382c1315fcd520c7573652a8074a8fe281b38c6a",
                "sha256:8d264402fc179776d43e557e1ca4a7d953020d3ee95f7ec19cc2c9d769277f06",
                "sha256:8f067ada2c333609b52835ca4d4868645d3b63ac04fb2b9a658c55bba7f667d3",
                "sha256:8f4cbfff5cf01fa07464439a8510affc9df281535f41a1f5312fbd2b59b4ab5c",
                "sha256:900580bc99c145e2561ea91a2d207e639171870d8a18756eb57db944a017d4bb",
                "sha256:9061a3e3c92b27fd8036dafa26f25d95695b6aa2e4514ab16a254f297e664f83",
                "sha256:90a96fcd824564eae6137ec2563bd061d49a32944858d4bdbae5c00fb10e76ac",
                "sha256:9245bd392572b9f799261c4c9e7216bafc9405537d0f4ce3ad93afe081a12dc9",
                "sha256:9799bd6a910961cb666196b8583ed0ee125fa225c6fdee2cbf00232b861f29d2",
                "sha256:9a1d577c20b4334e5e814c3d5fe07fa4a8c3ae42a601945e8d7940bab811d0bd",
                "sha256:a6b17c2b5e0b9bb7702449200f93e2d04cb04b1414c41424c08aa1e5d352da76",
                "sha256:a730cd0824e8083989f304e97b3f884189efb48e2151e07f57e9e138ab104200",
                "sha256:a8258f10059b5ac837232c589a350a2df4a96406d6d5f2a09ec587cbdd539655",
                "sha256:ab6212e62ea0e1006531a2234e209607f360d98d18d532c2fa8e403c1afbdd71",
                "sha256:abb903ffe46bd319d99979cdba350ae7016759bb69f47882242f7b93f3356055",
                "sha256:abcea3b5f0dc44e1d01c27090bc32ce6ffb7aa665f884f1890710454113ea902",
                "sha256:ac5d5329c9c942bbe6295f4251b135d860ed9f86acd912d418dce186de7c19ac",
                "sha256:adb9b7b42c802bd8cb3927de8c1c26368ce50c8fdaa83a9d8551384d77537044",
                "sha256:ae12fe90b00b71a71b69f513773310782ce01d5f58d2ceb2b7c595ab9d222094",
                "sha256:b5cd111d3ab7390be0c07ad839235d5ad54d2ca497b5f5db86896098a77180a4",
                "sha256:bb9d7efdb063903b3fdf77caec7b77c3066885068bdc0d44bc1b0c171033f944",
                "sha256:c0a3b6e32457535df0d41d2d895da46434706dd85dbaf53fbc0d3bd7d914b362",
                "sha256:c381a252317f63ca0179d2c7918e83b99a4ff3101e1b24849b999a00f9cd4f86",
                "sha256:c713c1c528284d636cd37723b0b4c35c11190da6f932794e145fc40f8210a14a",
                "sha256:c8be5bfcdc7832011b2652db29ed7672ce9d353dd19bce5272ca33dbcf60aaa8",
                "sha256:c8f563b245b4ddb591e99f28e3cd140b85f114b38b7f95b2e42542f0603eb7d7",
                "sha256:ca90ef33a152205fb6f2f0c1f3e55c50df4ef049bb0940ebba666edd4cdebc55",
                "sha256:d60bf4d7f886989ddf80e121a7f4d140d9eac91f1d2385ce8eb6bda93d563297",
                "sha256:d8750dd20362a1b80e3cf84f58013d4672f89663aee457ea59336df50fab6739",
                "sha256:dd9ca2d44ed8018c90efb72f237a2a140325a4c3339971364d758e78b175f58e",
                "sha256:e22539b676fafba17f0a90ac725f029a309eb6e483f364c86dcadee060429d46",
                "sha256:e2a96fdc7643c9517a317553aca13b5cae9bad9a5f32f4654ce247ae4d321405",
                "sha256:e5f4bfac975a2138215a38bda599ef00162e4143541cf7dd186da10a7f8e69f1",
                "sha256:e8feeb5e8705835f0622af0fe7ff8d5cb388948454647086494d6c41ec142c2e",
                "sha256:eb5069074db19a534de3859c43eec78e962d6d119f637c41c8e028c5ab3f59dd",
                "sha256:f0b4101e2b3c6c352ff1f70b3a6fcc7c17c1ab1a91ccb7a33013cb0782af9820",
                "sha256:f761dbcf45e9416ec4698e1a7649248005f0064ce3523a47402d1bff4af2779e",
                "sha256:f9c96a29c6d65bd36a91f5634fef800212dff69dacdb44345c4c9783943ab0df",
                "sha256:fb58da65e3339b3dbe266b607bb936efb983d86b00b03eb04c4ad5b442c58428",
                "sha256:fbffc22d80d86fbe456af9abb17f7a7766e7b2101f7edaacc3535501691563f7",
                "sha256:fdc5255eb4815babcdf236fa1a806ccb546724c8a9b129fd1ea4a5448a0bf07c",
                "sha256:fe3425dc6021f906c6325d3c415e048e7cdb955505a94f1eb774dafc779ba203"
            ],
            "markers": "python_version >= '3.10'",
            "version": "==7.11.3"
        },
        "iniconfig": {
            "hashes": [
                "sha256:c76315c77db068650d49c5b56314774a7804df16fee4402c1f19d6d15d8c4730",
                "sha256:f631c04d2c48c52b84d0d0549c99ff3859c98df65b3101406327ecc7d53fbf12"
            ],
            "markers": "python_version >= '3.10'",
            "version": "==2.3.0"
        },
        "packaging": {
            "hashes": [
                "sha256:29572ef2b1f17581046b3a2227d5c611fb25ec70ca1ba8554b24b0e69331a484",
                "sha256:d443872c98d677bf60f6a1f2f8c1cb748e8fe762d2bf9d3148b5599295b0fc4f"
            ],
            "markers": "python_version >= '3.8'",
            "version": "==25.0"
        },
        "pluggy": {
            "hashes": [
                "sha256:7dcc130b76258d33b90f61b658791dede3486c3e6bfb003ee5c9bfb396dd22f3",
                "sha256:e920276dd6813095e9377c0bc5566d94c932c33b27a3e3945d8389c374dd4746"
            ],
            "markers": "python_version >= '3.9'",
            "version": "==1.6.0"
        },
        "pygments": {
            "hashes": [
                "sha256:636cb2477cec7f8952536970bc533bc43743542f70392ae026374600add5b887",
                "sha256:86540386c03d588bb81d44bc3928634ff26449851e99741617ecb9037ee5ec0b"
            ],
            "markers": "python_version >= '3.8'",
            "version": "==2.19.2"
        },
        "pyproject-hooks": {
            "hashes": [
                "sha256:1e859bd5c40fae9448642dd871adf459e5e2084186e8d2c2a79a824c970da1f8",
                "sha256:9e5c6bfa8dcc30091c74b0cf803c81fdd29d94f01992a7707bc97babb1141913"
            ],
            "markers": "python_version >= '3.7'",
            "version": "==1.2.0"
        },
        "pytest": {
            "hashes": [
                "sha256:8f44522eafe4137b0f35c9ce3072931a788a21ee40a2ed279e817d3cc16ed21e",
                "sha256:e5ccdf10b0bac554970ee88fc1a4ad0ee5d221f8ef22321f9b7e4584e19d7f96"
            ],
            "index": "pypi",
            "markers": "python_version >= '3.10'",
            "version": "==9.0.0"
        },
        "pytest-cov": {
            "hashes": [
                "sha256:33c97eda2e049a0c5298e91f519302a1334c26ac65c1a483d6206fd458361af1",
                "sha256:3b8e9558b16cc1479da72058bdecf8073661c7f57f7d3c5f22a1c23507f2d861"
            ],
            "index": "pypi",
            "markers": "python_version >= '3.9'",
            "version": "==7.0.0"
        }
    }
}
